
Microsoft Visual Studio Solution File, Format Version 12.00
Project("{FAE04EC0-301F-11D3-BF4B-00C04F79EFBC}") = "TodoList", "TodoList.csproj", "{F24201FC-814C-4066-961F-ABD82B93EC34}"
EndProject
Global
	GlobalSection(SolutionConfigurationPlatforms) = preSolution
		Debug|Any CPU = Debug|Any CPU
		Release|Any CPU = Release|Any CPU
	EndGlobalSection
	GlobalSection(ProjectConfigurationPlatforms) = postSolution
		{F24201FC-814C-4066-961F-ABD82B93EC34}.Debug|Any CPU.ActiveCfg = Debug|Any CPU
		{F24201FC-814C-4066-961F-ABD82B93EC34}.Debug|Any CPU.Build.0 = Debug|Any CPU
		{F24201FC-814C-4066-961F-ABD82B93EC34}.Release|Any CPU.ActiveCfg = Release|Any CPU
		{F24201FC-814C-4066-961F-ABD82B93EC34}.Release|Any CPU.Build.0 = Release|Any CPU
	EndGlobalSection
EndGlobal
